
Microsoft Visual Studio Solution File, Format Version 12.00
# Visual Studio 15
VisualStudioVersion = 15.0.28307.705
MinimumVisualStudioVersion = 10.0.40219.1
Project("{FAE04EC0-301F-11D3-BF4B-00C04F79EFBC}") = "ChattaBox", "ChattaBox\ChattaBox.csproj", "{BA4E0DAC-071F-4DD3-B9A9-32A5BA687969}"
EndProject
Global
	GlobalSection(SolutionConfigurationPlatforms) = preSolution
		Debug|Any CPU = Debug|Any CPU
		Release|Any CPU = Release|Any CPU
	EndGlobalSection
	GlobalSection(ProjectConfigurationPlatforms) = postSolution
		{BA4E0DAC-071F-4DD3-B9A9-32A5BA687969}.Debug|Any CPU.ActiveCfg = Debug|Any CPU
		{BA4E0DAC-071F-4DD3-B9A9-32A5BA687969}.Debug|Any CPU.Build.0 = Debug|Any CPU
		{BA4E0DAC-071F-4DD3-B9A9-32A5BA687969}.Release|Any CPU.ActiveCfg = Release|Any CPU
		{BA4E0DAC-071F-4DD3-B9A9-32A5BA687969}.Release|Any CPU.Build.0 = Release|Any CPU
	EndGlobalSection
	GlobalSection(SolutionProperties) = preSolution
		HideSolutionNode = FALSE
	EndGlobalSection
	GlobalSection(ExtensibilityGlobals) = postSolution
		SolutionGuid = {D0761797-8E72-4555-AC45-39C4AC8F962E}
	EndGlobalSection
EndGlobal
